
Microsoft Visual Studio Solution File, Format Version 10.00
# Visual Studio 2008
Project("{8BC9CEB8-8B4A-11D0-8D11-00A0C91BC942}") = "Game", "Game.vcproj", "{D6763CFF-3C2C-4785-85A0-F43FC47BC434}"
EndProject
Global
	GlobalSection(SolutionConfigurationPlatforms) = preSolution
		Debug|Win32 = Debug|Win32
		Release|Win32 = Release|Win32
	EndGlobalSection
	GlobalSection(ProjectConfigurationPlatforms) = postSolution
		{D6763CFF-3C2C-4785-85A0-F43FC47BC434}.Debug|Win32.ActiveCfg = Debug|Win32
		{D6763CFF-3C2C-4785-85A0-F43FC47BC434}.Debug|Win32.Build.0 = Debug|Win32
		{D6763CFF-3C2C-4785-85A0-F43FC47BC434}.Release|Win32.ActiveCfg = Release|Win32
		{D6763CFF-3C2C-4785-85A0-F43FC47BC434}.Release|Win32.Build.0 = Release|Win32
	EndGlobalSection
	GlobalSection(SolutionProperties) = preSolution
		HideSolutionNode = FALSE
	EndGlobalSection
EndGlobal
